
Microsoft Visual Studio Solution File, Format Version 11.00
# Visual Studio 2010
Project("{FAE04EC0-301F-11D3-BF4B-00C04F79EFBC}") = "UnityEngine.TestRunner", "UnityEngine.TestRunner.csproj", "{793234e0-5913-ad79-06a3-491819f19fb7}"
EndProject
Project("{FAE04EC0-301F-11D3-BF4B-00C04F79EFBC}") = "Unity.Mathematics", "Unity.Mathematics.csproj", "{195de2f4-de30-5727-813a-4e589f888c62}"
EndProject
Project("{FAE04EC0-301F-11D3-BF4B-00C04F79EFBC}") = "Unity.2D.Animation.Triangle.Runtime", "Unity.2D.Animation.Triangle.Runtime.csproj", "{7ffece3c-34e5-c692-b24e-81fc300b632e}"
EndProject
Project("{FAE04EC0-301F-11D3-BF4B-00C04F79EFBC}") = "Unity.Timeline", "Unity.Timeline.csproj", "{bc6f6638-35de-3af7-abc7-aff6d04c20d4}"
EndProject
Project("{FAE04EC0-301F-11D3-BF4B-00C04F79EFBC}") = "UnityEngine.UI", "UnityEngine.UI.csproj", "{ae7b0704-b1ab-bc54-f952-78ca245d0a6d}"
EndProject
Project("{FAE04EC0-301F-11D3-BF4B-00C04F79EFBC}") = "Unity.TextMeshPro", "Unity.TextMeshPro.csproj", "{71759a0e-a76a-b160-76c3-aef97ed1711b}"
EndProject
Project("{FAE04EC0-301F-11D3-BF4B-00C04F79EFBC}") = "Assembly-CSharp", "Assembly-CSharp.csproj", "{0b34c735-131c-be72-b5d8-b2c7149a6ec6}"
EndProject
Project("{FAE04EC0-301F-11D3-BF4B-00C04F79EFBC}") = "Unity.2D.Animation.Runtime", "Unity.2D.Animation.Runtime.csproj", "{7d13d1b3-8cb6-2af5-f4c5-d34fa3ece15a}"
EndProject
Project("{FAE04EC0-301F-11D3-BF4B-00C04F79EFBC}") = "Unity.2D.IK.Runtime", "Unity.2D.IK.Runtime.csproj", "{20cdf91a-71dc-610f-c3aa-c13d96e9286c}"
EndProject
Project("{FAE04EC0-301F-11D3-BF4B-00C04F79EFBC}") = "Unity.2D.SpriteShape.Runtime", "Unity.2D.SpriteShape.Runtime.csproj", "{994e9a21-a77f-12b1-a58b-e5b0ce8a2759}"
EndProject
Project("{FAE04EC0-301F-11D3-BF4B-00C04F79EFBC}") = "Unity.2D.PixelPerfect", "Unity.2D.PixelPerfect.csproj", "{257c49dc-b87b-1245-7220-9be833e69dc9}"
EndProject
Project("{FAE04EC0-301F-11D3-BF4B-00C04F79EFBC}") = "Unity.2D.Common.Runtime", "Unity.2D.Common.Runtime.csproj", "{07860f35-5675-bea2-a896-3f274db5eb9d}"
EndProject
Project("{FAE04EC0-301F-11D3-BF4B-00C04F79EFBC}") = "Unity.InternalAPIEngineBridge.001", "Unity.InternalAPIEngineBridge.001.csproj", "{023f31d6-076d-9065-2364-9e53a05616e4}"
EndProject
Project("{FAE04EC0-301F-11D3-BF4B-00C04F79EFBC}") = "UnityEditor.TestRunner", "UnityEditor.TestRunner.csproj", "{c86286e8-cc3d-bbd8-e027-9cbc739e87e1}"
EndProject
Project("{FAE04EC0-301F-11D3-BF4B-00C04F79EFBC}") = "Unity.PlasticSCM.Editor", "Unity.PlasticSCM.Editor.csproj", "{edd64077-c150-2d55-d1ab-815e013d1e11}"
EndProject
Project("{FAE04EC0-301F-11D3-BF4B-00C04F79EFBC}") = "UnityEditor.UI", "UnityEditor.UI.csproj", "{84609a8a-91d5-8e37-27c9-186a6a1a9b82}"
EndProject
Project("{FAE04EC0-301F-11D3-BF4B-00C04F79EFBC}") = "Unity.Services.Core.Editor", "Unity.Services.Core.Editor.csproj", "{b77efe1d-0b2a-97b7-7265-3e51afdbe147}"
EndProject
Project("{FAE04EC0-301F-11D3-BF4B-00C04F79EFBC}") = "Unity.Timeline.Editor", "Unity.Timeline.Editor.csproj", "{23a4af06-22c7-0513-66ed-13ef9e296683}"
EndProject
Project("{FAE04EC0-301F-11D3-BF4B-00C04F79EFBC}") = "Unity.VisualStudio.Editor", "Unity.VisualStudio.Editor.csproj", "{18b1e377-d2e8-87b2-4a6f-517f7ab6c570}"
EndProject
Project("{FAE04EC0-301F-11D3-BF4B-00C04F79EFBC}") = "Unity.2D.Psdimporter.Editor", "Unity.2D.Psdimporter.Editor.csproj", "{1e2448df-c971-f202-d198-440ba0de70f3}"
EndProject
Project("{FAE04EC0-301F-11D3-BF4B-00C04F79EFBC}") = "Unity.2D.Animation.Editor", "Unity.2D.Animation.Editor.csproj", "{b44b629f-d2bc-03e3-393b-38648255e878}"
EndProject
Project("{FAE04EC0-301F-11D3-BF4B-00C04F79EFBC}") = "Unity.TextMeshPro.Editor", "Unity.TextMeshPro.Editor.csproj", "{73633879-4bf0-df04-59e5-dae5be6a22f4}"
EndProject
Project("{FAE04EC0-301F-11D3-BF4B-00C04F79EFBC}") = "Unity.2D.SpriteShape.Editor", "Unity.2D.SpriteShape.Editor.csproj", "{9a37c5a4-0bef-7655-3af2-354e8260150e}"
EndProject
Project("{FAE04EC0-301F-11D3-BF4B-00C04F79EFBC}") = "Unity.CollabProxy.Editor", "Unity.CollabProxy.Editor.csproj", "{e8b9ee3a-ee2a-ee25-61a9-2fb38422fe67}"
EndProject
Project("{FAE04EC0-301F-11D3-BF4B-00C04F79EFBC}") = "PsdPlugin", "PsdPlugin.csproj", "{e0d85774-8595-8a5a-b267-19ad6a99e4d2}"
EndProject
Project("{FAE04EC0-301F-11D3-BF4B-00C04F79EFBC}") = "Unity.2D.Path.Editor", "Unity.2D.Path.Editor.csproj", "{1e270e61-6a7a-7dd8-58aa-4c266eb7ad4d}"
EndProject
Project("{FAE04EC0-301F-11D3-BF4B-00C04F79EFBC}") = "Unity.Mobile.AndroidLogcat.Editor", "Unity.Mobile.AndroidLogcat.Editor.csproj", "{1aea7a03-91de-53b1-ff77-dcf7ac8637d8}"
EndProject
Project("{FAE04EC0-301F-11D3-BF4B-00C04F79EFBC}") = "Unity.Rider.Editor", "Unity.Rider.Editor.csproj", "{186d997c-2c99-83be-2dd9-90569c563fc3}"
EndProject
Project("{FAE04EC0-301F-11D3-BF4B-00C04F79EFBC}") = "Unity.2D.IK.Editor", "Unity.2D.IK.Editor.csproj", "{6e15244d-95e0-7d4a-a2b4-e656b3b207b8}"
EndProject
Project("{FAE04EC0-301F-11D3-BF4B-00C04F79EFBC}") = "Unity.2D.Sprite.Editor", "Unity.2D.Sprite.Editor.csproj", "{4639ee90-3706-5925-bf23-6d18a19ffed1}"
EndProject
Project("{FAE04EC0-301F-11D3-BF4B-00C04F79EFBC}") = "Unity.2D.Tilemap.Editor", "Unity.2D.Tilemap.Editor.csproj", "{5691640a-4e33-e5d4-4cae-1fc265962f38}"
EndProject
Project("{FAE04EC0-301F-11D3-BF4B-00C04F79EFBC}") = "Unity.2D.PixelPerfect.Editor", "Unity.2D.PixelPerfect.Editor.csproj", "{e0e8d0f6-b65c-d066-ea95-c2e14e7258e4}"
EndProject
Project("{FAE04EC0-301F-11D3-BF4B-00C04F79EFBC}") = "Unity.VSCode.Editor", "Unity.VSCode.Editor.csproj", "{aca3277e-d8aa-dd3c-cb3d-1b044d9a4519}"
EndProject
Project("{FAE04EC0-301F-11D3-BF4B-00C04F79EFBC}") = "Unity.2D.Common.Editor", "Unity.2D.Common.Editor.csproj", "{497d6a61-0da1-3ebe-f0af-5b9fdeeb4f03}"
EndProject
Project("{FAE04EC0-301F-11D3-BF4B-00C04F79EFBC}") = "Unity.Mathematics.Editor", "Unity.Mathematics.Editor.csproj", "{5424827d-5c54-6f84-b41f-93e8cbd8642e}"
EndProject
Project("{FAE04EC0-301F-11D3-BF4B-00C04F79EFBC}") = "Unity.InternalAPIEditorBridge.001", "Unity.InternalAPIEditorBridge.001.csproj", "{d5f03d98-2aae-f860-3f80-ec567a72360a}"
EndProject
Global
	GlobalSection(SolutionConfigurationPlatforms) = preSolution
		Debug|Any CPU = Debug|Any CPU
		Release|Any CPU = Release|Any CPU
	EndGlobalSection
	GlobalSection(ProjectConfigurationPlatforms) = postSolution
		{793234e0-5913-ad79-06a3-491819f19fb7}.Debug|Any CPU.ActiveCfg = Debug|Any CPU
		{793234e0-5913-ad79-06a3-491819f19fb7}.Debug|Any CPU.Build.0 = Debug|Any CPU
		{793234e0-5913-ad79-06a3-491819f19fb7}.Release|Any CPU.ActiveCfg = Release|Any CPU
		{793234e0-5913-ad79-06a3-491819f19fb7}.Release|Any CPU.Build.0 = Release|Any CPU
		{195de2f4-de30-5727-813a-4e589f888c62}.Debug|Any CPU.ActiveCfg = Debug|Any CPU
		{195de2f4-de30-5727-813a-4e589f888c62}.Debug|Any CPU.Build.0 = Debug|Any CPU
		{195de2f4-de30-5727-813a-4e589f888c62}.Release|Any CPU.ActiveCfg = Release|Any CPU
		{195de2f4-de30-5727-813a-4e589f888c62}.Release|Any CPU.Build.0 = Release|Any CPU
		{7ffece3c-34e5-c692-b24e-81fc300b632e}.Debug|Any CPU.ActiveCfg = Debug|Any CPU
		{7ffece3c-34e5-c692-b24e-81fc300b632e}.Debug|Any CPU.Build.0 = Debug|Any CPU
		{7ffece3c-34e5-c692-b24e-81fc300b632e}.Release|Any CPU.ActiveCfg = Release|Any CPU
		{7ffece3c-34e5-c692-b24e-81fc300b632e}.Release|Any CPU.Build.0 = Release|Any CPU
		{bc6f6638-35de-3af7-abc7-aff6d04c20d4}.Debug|Any CPU.ActiveCfg = Debug|Any CPU
		{bc6f6638-35de-3af7-abc7-aff6d04c20d4}.Debug|Any CPU.Build.0 = Debug|Any CPU
		{bc6f6638-35de-3af7-abc7-aff6d04c20d4}.Release|Any CPU.ActiveCfg = Release|Any CPU
		{bc6f6638-35de-3af7-abc7-aff6d04c20d4}.Release|Any CPU.Build.0 = Release|Any CPU
		{ae7b0704-b1ab-bc54-f952-78ca245d0a6d}.Debug|Any CPU.ActiveCfg = Debug|Any CPU
		{ae7b0704-b1ab-bc54-f952-78ca245d0a6d}.Debug|Any CPU.Build.0 = Debug|Any CPU
		{ae7b0704-b1ab-bc54-f952-78ca245d0a6d}.Release|Any CPU.ActiveCfg = Release|Any CPU
		{ae7b0704-b1ab-bc54-f952-78ca245d0a6d}.Release|Any CPU.Build.0 = Release|Any CPU
		{71759a0e-a76a-b160-76c3-aef97ed1711b}.Debug|Any CPU.ActiveCfg = Debug|Any CPU
		{71759a0e-a76a-b160-76c3-aef97ed1711b}.Debug|Any CPU.Build.0 = Debug|Any CPU
		{71759a0e-a76a-b160-76c3-aef97ed1711b}.Release|Any CPU.ActiveCfg = Release|Any CPU
		{71759a0e-a76a-b160-76c3-aef97ed1711b}.Release|Any CPU.Build.0 = Release|Any CPU
		{0b34c735-131c-be72-b5d8-b2c7149a6ec6}.Debug|Any CPU.ActiveCfg = Debug|Any CPU
		{0b34c735-131c-be72-b5d8-b2c7149a6ec6}.Debug|Any CPU.Build.0 = Debug|Any CPU
		{0b34c735-131c-be72-b5d8-b2c7149a6ec6}.Release|Any CPU.ActiveCfg = Release|Any CPU
		{0b34c735-131c-be72-b5d8-b2c7149a6ec6}.Release|Any CPU.Build.0 = Release|Any CPU
		{7d13d1b3-8cb6-2af5-f4c5-d34fa3ece15a}.Debug|Any CPU.ActiveCfg = Debug|Any CPU
		{7d13d1b3-8cb6-2af5-f4c5-d34fa3ece15a}.Debug|Any CPU.Build.0 = Debug|Any CPU
		{7d13d1b3-8cb6-2af5-f4c5-d34fa3ece15a}.Release|Any CPU.ActiveCfg = Release|Any CPU
		{7d13d1b3-8cb6-2af5-f4c5-d34fa3ece15a}.Release|Any CPU.Build.0 = Release|Any CPU
		{20cdf91a-71dc-610f-c3aa-c13d96e9286c}.Debug|Any CPU.ActiveCfg = Debug|Any CPU
		{20cdf91a-71dc-610f-c3aa-c13d96e9286c}.Debug|Any CPU.Build.0 = Debug|Any CPU
		{20cdf91a-71dc-610f-c3aa-c13d96e9286c}.Release|Any CPU.ActiveCfg = Release|Any CPU
		{20cdf91a-71dc-610f-c3aa-c13d96e9286c}.Release|Any CPU.Build.0 = Release|Any CPU
		{994e9a21-a77f-12b1-a58b-e5b0ce8a2759}.Debug|Any CPU.ActiveCfg = Debug|Any CPU
		{994e9a21-a77f-12b1-a58b-e5b0ce8a2759}.Debug|Any CPU.Build.0 = Debug|Any CPU
		{994e9a21-a77f-12b1-a58b-e5b0ce8a2759}.Release|Any CPU.ActiveCfg = Release|Any CPU
		{994e9a21-a77f-12b1-a58b-e5b0ce8a2759}.Release|Any CPU.Build.0 = Release|Any CPU
		{257c49dc-b87b-1245-7220-9be833e69dc9}.Debug|Any CPU.ActiveCfg = Debug|Any CPU
		{257c49dc-b87b-1245-7220-9be833e69dc9}.Debug|Any CPU.Build.0 = Debug|Any CPU
		{257c49dc-b87b-1245-7220-9be833e69dc9}.Release|Any CPU.ActiveCfg = Release|Any CPU
		{257c49dc-b87b-1245-7220-9be833e69dc9}.Release|Any CPU.Build.0 = Release|Any CPU
		{07860f35-5675-bea2-a896-3f274db5eb9d}.Debug|Any CPU.ActiveCfg = Debug|Any CPU
		{07860f35-5675-bea2-a896-3f274db5eb9d}.Debug|Any CPU.Build.0 = Debug|Any CPU
		{07860f35-5675-bea2-a896-3f274db5eb9d}.Release|Any CPU.ActiveCfg = Release|Any CPU
		{07860f35-5675-bea2-a896-3f274db5eb9d}.Release|Any CPU.Build.0 = Release|Any CPU
		{023f31d6-076d-9065-2364-9e53a05616e4}.Debug|Any CPU.ActiveCfg = Debug|Any CPU
		{023f31d6-076d-9065-2364-9e53a05616e4}.Debug|Any CPU.Build.0 = Debug|Any CPU
		{023f31d6-076d-9065-2364-9e53a05616e4}.Release|Any CPU.ActiveCfg = Release|Any CPU
		{023f31d6-076d-9065-2364-9e53a05616e4}.Release|Any CPU.Build.0 = Release|Any CPU
		{c86286e8-cc3d-bbd8-e027-9cbc739e87e1}.Debug|Any CPU.ActiveCfg = Debug|Any CPU
		{c86286e8-cc3d-bbd8-e027-9cbc739e87e1}.Debug|Any CPU.Build.0 = Debug|Any CPU
		{c86286e8-cc3d-bbd8-e027-9cbc739e87e1}.Release|Any CPU.ActiveCfg = Release|Any CPU
		{c86286e8-cc3d-bbd8-e027-9cbc739e87e1}.Release|Any CPU.Build.0 = Release|Any CPU
		{edd64077-c150-2d55-d1ab-815e013d1e11}.Debug|Any CPU.ActiveCfg = Debug|Any CPU
		{edd64077-c150-2d55-d1ab-815e013d1e11}.Debug|Any CPU.Build.0 = Debug|Any CPU
		{edd64077-c150-2d55-d1ab-815e013d1e11}.Release|Any CPU.ActiveCfg = Release|Any CPU
		{edd64077-c150-2d55-d1ab-815e013d1e11}.Release|Any CPU.Build.0 = Release|Any CPU
		{84609a8a-91d5-8e37-27c9-186a6a1a9b82}.Debug|Any CPU.ActiveCfg = Debug|Any CPU
		{84609a8a-91d5-8e37-27c9-186a6a1a9b82}.Debug|Any CPU.Build.0 = Debug|Any CPU
		{84609a8a-91d5-8e37-27c9-186a6a1a9b82}.Release|Any CPU.ActiveCfg = Release|Any CPU
		{84609a8a-91d5-8e37-27c9-186a6a1a9b82}.Release|Any CPU.Build.0 = Release|Any CPU
		{b77efe1d-0b2a-97b7-7265-3e51afdbe147}.Debug|Any CPU.ActiveCfg = Debug|Any CPU
		{b77efe1d-0b2a-97b7-7265-3e51afdbe147}.Debug|Any CPU.Build.0 = Debug|Any CPU
		{b77efe1d-0b2a-97b7-7265-3e51afdbe147}.Release|Any CPU.ActiveCfg = Release|Any CPU
		{b77efe1d-0b2a-97b7-7265-3e51afdbe147}.Release|Any CPU.Build.0 = Release|Any CPU
		{23a4af06-22c7-0513-66ed-13ef9e296683}.Debug|Any CPU.ActiveCfg = Debug|Any CPU
		{23a4af06-22c7-0513-66ed-13ef9e296683}.Debug|Any CPU.Build.0 = Debug|Any CPU
		{23a4af06-22c7-0513-66ed-13ef9e296683}.Release|Any CPU.ActiveCfg = Release|Any CPU
		{23a4af06-22c7-0513-66ed-13ef9e296683}.Release|Any CPU.Build.0 = Release|Any CPU
		{18b1e377-d2e8-87b2-4a6f-517f7ab6c570}.Debug|Any CPU.ActiveCfg = Debug|Any CPU
		{18b1e377-d2e8-87b2-4a6f-517f7ab6c570}.Debug|Any CPU.Build.0 = Debug|Any CPU
		{18b1e377-d2e8-87b2-4a6f-517f7ab6c570}.Release|Any CPU.ActiveCfg = Release|Any CPU
		{18b1e377-d2e8-87b2-4a6f-517f7ab6c570}.Release|Any CPU.Build.0 = Release|Any CPU
		{1e2448df-c971-f202-d198-440ba0de70f3}.Debug|Any CPU.ActiveCfg = Debug|Any CPU
		{1e2448df-c971-f202-d198-440ba0de70f3}.Debug|Any CPU.Build.0 = Debug|Any CPU
		{1e2448df-c971-f202-d198-440ba0de70f3}.Release|Any CPU.ActiveCfg = Release|Any CPU
		{1e2448df-c971-f202-d198-440ba0de70f3}.Release|Any CPU.Build.0 = Release|Any CPU
		{b44b629f-d2bc-03e3-393b-38648255e878}.Debug|Any CPU.ActiveCfg = Debug|Any CPU
		{b44b629f-d2bc-03e3-393b-38648255e878}.Debug|Any CPU.Build.0 = Debug|Any CPU
		{b44b629f-d2bc-03e3-393b-38648255e878}.Release|Any CPU.ActiveCfg = Release|Any CPU
		{b44b629f-d2bc-03e3-393b-38648255e878}.Release|Any CPU.Build.0 = Release|Any CPU
		{73633879-4bf0-df04-59e5-dae5be6a22f4}.Debug|Any CPU.ActiveCfg = Debug|Any CPU
		{73633879-4bf0-df04-59e5-dae5be6a22f4}.Debug|Any CPU.Build.0 = Debug|Any CPU
		{73633879-4bf0-df04-59e5-dae5be6a22f4}.Release|Any CPU.ActiveCfg = Release|Any CPU
		{73633879-4bf0-df04-59e5-dae5be6a22f4}.Release|Any CPU.Build.0 = Release|Any CPU
		{9a37c5a4-0bef-7655-3af2-354e8260150e}.Debug|Any CPU.ActiveCfg = Debug|Any CPU
		{9a37c5a4-0bef-7655-3af2-354e8260150e}.Debug|Any CPU.Build.0 = Debug|Any CPU
		{9a37c5a4-0bef-7655-3af2-354e8260150e}.Release|Any CPU.ActiveCfg = Release|Any CPU
		{9a37c5a4-0bef-7655-3af2-354e8260150e}.Release|Any CPU.Build.0 = Release|Any CPU
		{e8b9ee3a-ee2a-ee25-61a9-2fb38422fe67}.Debug|Any CPU.ActiveCfg = Debug|Any CPU
		{e8b9ee3a-ee2a-ee25-61a9-2fb38422fe67}.Debug|Any CPU.Build.0 = Debug|Any CPU
		{e8b9ee3a-ee2a-ee25-61a9-2fb38422fe67}.Release|Any CPU.ActiveCfg = Release|Any CPU
		{e8b9ee3a-ee2a-ee25-61a9-2fb38422fe67}.Release|Any CPU.Build.0 = Release|Any CPU
		{e0d85774-8595-8a5a-b267-19ad6a99e4d2}.Debug|Any CPU.ActiveCfg = Debug|Any CPU
		{e0d85774-8595-8a5a-b267-19ad6a99e4d2}.Debug|Any CPU.Build.0 = Debug|Any CPU
		{e0d85774-8595-8a5a-b267-19ad6a99e4d2}.Release|Any CPU.ActiveCfg = Release|Any CPU
		{e0d85774-8595-8a5a-b267-19ad6a99e4d2}.Release|Any CPU.Build.0 = Release|Any CPU
		{1e270e61-6a7a-7dd8-58aa-4c266eb7ad4d}.Debug|Any CPU.ActiveCfg = Debug|Any CPU
		{1e270e61-6a7a-7dd8-58aa-4c266eb7ad4d}.Debug|Any CPU.Build.0 = Debug|Any CPU
		{1e270e61-6a7a-7dd8-58aa-4c266eb7ad4d}.Release|Any CPU.ActiveCfg = Release|Any CPU
		{1e270e61-6a7a-7dd8-58aa-4c266eb7ad4d}.Release|Any CPU.Build.0 = Release|Any CPU
		{1aea7a03-91de-53b1-ff77-dcf7ac8637d8}.Debug|Any CPU.ActiveCfg = Debug|Any CPU
		{1aea7a03-91de-53b1-ff77-dcf7ac8637d8}.Debug|Any CPU.Build.0 = Debug|Any CPU
		{1aea7a03-91de-53b1-ff77-dcf7ac8637d8}.Release|Any CPU.ActiveCfg = Release|Any CPU
		{1aea7a03-91de-53b1-ff77-dcf7ac8637d8}.Release|Any CPU.Build.0 = Release|Any CPU
		{186d997c-2c99-83be-2dd9-90569c563fc3}.Debug|Any CPU.ActiveCfg = Debug|Any CPU
		{186d997c-2c99-83be-2dd9-90569c563fc3}.Debug|Any CPU.Build.0 = Debug|Any CPU
		{186d997c-2c99-83be-2dd9-90569c563fc3}.Release|Any CPU.ActiveCfg = Release|Any CPU
		{186d997c-2c99-83be-2dd9-90569c563fc3}.Release|Any CPU.Build.0 = Release|Any CPU
		{6e15244d-95e0-7d4a-a2b4-e656b3b207b8}.Debug|Any CPU.ActiveCfg = Debug|Any CPU
		{6e15244d-95e0-7d4a-a2b4-e656b3b207b8}.Debug|Any CPU.Build.0 = Debug|Any CPU
		{6e15244d-95e0-7d4a-a2b4-e656b3b207b8}.Release|Any CPU.ActiveCfg = Release|Any CPU
		{6e15244d-95e0-7d4a-a2b4-e656b3b207b8}.Release|Any CPU.Build.0 = Release|Any CPU
		{4639ee90-3706-5925-bf23-6d18a19ffed1}.Debug|Any CPU.ActiveCfg = Debug|Any CPU
		{4639ee90-3706-5925-bf23-6d18a19ffed1}.Debug|Any CPU.Build.0 = Debug|Any CPU
		{4639ee90-3706-5925-bf23-6d18a19ffed1}.Release|Any CPU.ActiveCfg = Release|Any CPU
		{4639ee90-3706-5925-bf23-6d18a19ffed1}.Release|Any CPU.Build.0 = Release|Any CPU
		{5691640a-4e33-e5d4-4cae-1fc265962f38}.Debug|Any CPU.ActiveCfg = Debug|Any CPU
		{5691640a-4e33-e5d4-4cae-1fc265962f38}.Debug|Any CPU.Build.0 = Debug|Any CPU
		{5691640a-4e33-e5d4-4cae-1fc265962f38}.Release|Any CPU.ActiveCfg = Release|Any CPU
		{5691640a-4e33-e5d4-4cae-1fc265962f38}.Release|Any CPU.Build.0 = Release|Any CPU
		{e0e8d0f6-b65c-d066-ea95-c2e14e7258e4}.Debug|Any CPU.ActiveCfg = Debug|Any CPU
		{e0e8d0f6-b65c-d066-ea95-c2e14e7258e4}.Debug|Any CPU.Build.0 = Debug|Any CPU
		{e0e8d0f6-b65c-d066-ea95-c2e14e7258e4}.Release|Any CPU.ActiveCfg = Release|Any CPU
		{e0e8d0f6-b65c-d066-ea95-c2e14e7258e4}.Release|Any CPU.Build.0 = Release|Any CPU
		{aca3277e-d8aa-dd3c-cb3d-1b044d9a4519}.Debug|Any CPU.ActiveCfg = Debug|Any CPU
		{aca3277e-d8aa-dd3c-cb3d-1b044d9a4519}.Debug|Any CPU.Build.0 = Debug|Any CPU
		{aca3277e-d8aa-dd3c-cb3d-1b044d9a4519}.Release|Any CPU.ActiveCfg = Release|Any CPU
		{aca3277e-d8aa-dd3c-cb3d-1b044d9a4519}.Release|Any CPU.Build.0 = Release|Any CPU
		{497d6a61-0da1-3ebe-f0af-5b9fdeeb4f03}.Debug|Any CPU.ActiveCfg = Debug|Any CPU
		{497d6a61-0da1-3ebe-f0af-5b9fdeeb4f03}.Debug|Any CPU.Build.0 = Debug|Any CPU
		{497d6a61-0da1-3ebe-f0af-5b9fdeeb4f03}.Release|Any CPU.ActiveCfg = Release|Any CPU
		{497d6a61-0da1-3ebe-f0af-5b9fdeeb4f03}.Release|Any CPU.Build.0 = Release|Any CPU
		{5424827d-5c54-6f84-b41f-93e8cbd8642e}.Debug|Any CPU.ActiveCfg = Debug|Any CPU
		{5424827d-5c54-6f84-b41f-93e8cbd8642e}.Debug|Any CPU.Build.0 = Debug|Any CPU
		{5424827d-5c54-6f84-b41f-93e8cbd8642e}.Release|Any CPU.ActiveCfg = Release|Any CPU
		{5424827d-5c54-6f84-b41f-93e8cbd8642e}.Release|Any CPU.Build.0 = Release|Any CPU
		{d5f03d98-2aae-f860-3f80-ec567a72360a}.Debug|Any CPU.ActiveCfg = Debug|Any CPU
		{d5f03d98-2aae-f860-3f80-ec567a72360a}.Debug|Any CPU.Build.0 = Debug|Any CPU
		{d5f03d98-2aae-f860-3f80-ec567a72360a}.Release|Any CPU.ActiveCfg = Release|Any CPU
		{d5f03d98-2aae-f860-3f80-ec567a72360a}.Release|Any CPU.Build.0 = Release|Any CPU
	EndGlobalSection
	GlobalSection(SolutionProperties) = preSolution
		HideSolutionNode = FALSE
	EndGlobalSection
EndGlobal
